// !$*UTF8*$!
{
	archiveVersion = 1;
	classes = {
	};
	objectVersion = 56;
	objects = {

/* Begin PBXBuildFile section */
		820030C32BC422880063769A /* commentsView.swift in Sources */ = {isa = PBXBuildFile; fileRef = 820030C22BC422880063769A /* commentsView.swift */; };
		82542E1C2BA80C6600AB2465 /* okokok.swift in Sources */ = {isa = PBXBuildFile; fileRef = 82542E1B2BA80C6600AB2465 /* okokok.swift */; };
		82747BE02B99A3700003B579 /* ContentView.swift in Sources */ = {isa = PBXBuildFile; fileRef = 82747BDF2B99A3700003B579 /* ContentView.swift */; };
		82747BE22B99A3720003B579 /* Assets.xcassets in Resources */ = {isa = PBXBuildFile; fileRef = 82747BE12B99A3720003B579 /* Assets.xcassets */; };
		82747BE52B99A3720003B579 /* Preview Assets.xcassets in Resources */ = {isa = PBXBuildFile; fileRef = 82747BE42B99A3720003B579 /* Preview Assets.xcassets */; };
		82747BEC2B99A3DD0003B579 /* Trooper_newApp.swift in Sources */ = {isa = PBXBuildFile; fileRef = 82747BEB2B99A3DD0003B579 /* Trooper_newApp.swift */; };
		82747BEE2B99A3ED0003B579 /* TrailViewModel.swift in Sources */ = {isa = PBXBuildFile; fileRef = 82747BED2B99A3ED0003B579 /* TrailViewModel.swift */; };
		82747BF02B99A44B0003B579 /* trailView.swift in Sources */ = {isa = PBXBuildFile; fileRef = 82747BEF2B99A44B0003B579 /* trailView.swift */; };
		82747BF22B99A45A0003B579 /* multView.swift in Sources */ = {isa = PBXBuildFile; fileRef = 82747BF12B99A45A0003B579 /* multView.swift */; };
		82747BF42B99A4690003B579 /* wkndView.swift in Sources */ = {isa = PBXBuildFile; fileRef = 82747BF32B99A4690003B579 /* wkndView.swift */; };
		82747BF62B99A47B0003B579 /* searchbarView.swift in Sources */ = {isa = PBXBuildFile; fileRef = 82747BF52B99A47B0003B579 /* searchbarView.swift */; };
		82747BF82B99A4910003B579 /* FirstPage.swift in Sources */ = {isa = PBXBuildFile; fileRef = 82747BF72B99A4910003B579 /* FirstPage.swift */; };
		82747BFA2B99A4E40003B579 /* SignUpView.swift in Sources */ = {isa = PBXBuildFile; fileRef = 82747BF92B99A4E40003B579 /* SignUpView.swift */; };
		82747BFC2B99A4F70003B579 /* BottomBarView.swift in Sources */ = {isa = PBXBuildFile; fileRef = 82747BFB2B99A4F70003B579 /* BottomBarView.swift */; };
		82747BFE2B99A5100003B579 /* ProfilePage.swift in Sources */ = {isa = PBXBuildFile; fileRef = 82747BFD2B99A5100003B579 /* ProfilePage.swift */; };
		82747C002B99A5200003B579 /* FeedPage.swift in Sources */ = {isa = PBXBuildFile; fileRef = 82747BFF2B99A5200003B579 /* FeedPage.swift */; };
		82747C022B99A5370003B579 /* loginView.swift in Sources */ = {isa = PBXBuildFile; fileRef = 82747C012B99A5370003B579 /* loginView.swift */; };
		82747C042B99A5490003B579 /* TrailDetail.swift in Sources */ = {isa = PBXBuildFile; fileRef = 82747C032B99A5490003B579 /* TrailDetail.swift */; };
		82747C062B99A5A70003B579 /* contentview2.swift in Sources */ = {isa = PBXBuildFile; fileRef = 82747C052B99A5A70003B579 /* contentview2.swift */; };
		82747C082B99A5C90003B579 /* recordpage.swift in Sources */ = {isa = PBXBuildFile; fileRef = 82747C072B99A5C90003B579 /* recordpage.swift */; };
		82A28F7A2BA9B5EB0081C188 /* activityDetailView.swift in Sources */ = {isa = PBXBuildFile; fileRef = 82A28F792BA9B5EA0081C188 /* activityDetailView.swift */; };
/* End PBXBuildFile section */

/* Begin PBXFileReference section */
		820030C22BC422880063769A /* commentsView.swift */ = {isa = PBXFileReference; lastKnownFileType = sourcecode.swift; path = commentsView.swift; sourceTree = "<group>"; };
		82542E1B2BA80C6600AB2465 /* okokok.swift */ = {isa = PBXFileReference; lastKnownFileType = sourcecode.swift; path = okokok.swift; sourceTree = "<group>"; };
		82747BDA2B99A3700003B579 /* trupper.app */ = {isa = PBXFileReference; explicitFileType = wrapper.application; includeInIndex = 0; path = trupper.app; sourceTree = BUILT_PRODUCTS_DIR; };
		82747BDF2B99A3700003B579 /* ContentView.swift */ = {isa = PBXFileReference; lastKnownFileType = sourcecode.swift; path = ContentView.swift; sourceTree = "<group>"; };
		82747BE12B99A3720003B579 /* Assets.xcassets */ = {isa = PBXFileReference; lastKnownFileType = folder.assetcatalog; path = Assets.xcassets; sourceTree = "<group>"; };
		82747BE42B99A3720003B579 /* Preview Assets.xcassets */ = {isa = PBXFileReference; lastKnownFileType = folder.assetcatalog; path = "Preview Assets.xcassets"; sourceTree = "<group>"; };
		82747BEB2B99A3DD0003B579 /* Trooper_newApp.swift */ = {isa = PBXFileReference; lastKnownFileType = sourcecode.swift; path = Trooper_newApp.swift; sourceTree = "<group>"; };
		82747BED2B99A3ED0003B579 /* TrailViewModel.swift */ = {isa = PBXFileReference; lastKnownFileType = sourcecode.swift; path = TrailViewModel.swift; sourceTree = "<group>"; };
		82747BEF2B99A44B0003B579 /* trailView.swift */ = {isa = PBXFileReference; lastKnownFileType = sourcecode.swift; path = trailView.swift; sourceTree = "<group>"; };
		82747BF12B99A45A0003B579 /* multView.swift */ = {isa = PBXFileReference; lastKnownFileType = sourcecode.swift; path = multView.swift; sourceTree = "<group>"; };
		82747BF32B99A4690003B579 /* wkndView.swift */ = {isa = PBXFileReference; lastKnownFileType = sourcecode.swift; path = wkndView.swift; sourceTree = "<group>"; };
		82747BF52B99A47B0003B579 /* searchbarView.swift */ = {isa = PBXFileReference; lastKnownFileType = sourcecode.swift; path = searchbarView.swift; sourceTree = "<group>"; };
		82747BF72B99A4910003B579 /* FirstPage.swift */ = {isa = PBXFileReference; lastKnownFileType = sourcecode.swift; path = FirstPage.swift; sourceTree = "<group>"; };
		82747BF92B99A4E40003B579 /* SignUpView.swift */ = {isa = PBXFileReference; lastKnownFileType = sourcecode.swift; path = SignUpView.swift; sourceTree = "<group>"; };
		82747BFB2B99A4F70003B579 /* BottomBarView.swift */ = {isa = PBXFileReference; lastKnownFileType = sourcecode.swift; path = BottomBarView.swift; sourceTree = "<group>"; };
		82747BFD2B99A5100003B579 /* ProfilePage.swift */ = {isa = PBXFileReference; lastKnownFileType = sourcecode.swift; path = ProfilePage.swift; sourceTree = "<group>"; };
		82747BFF2B99A5200003B579 /* FeedPage.swift */ = {isa = PBXFileReference; lastKnownFileType = sourcecode.swift; path = FeedPage.swift; sourceTree = "<group>"; };
		82747C012B99A5370003B579 /* loginView.swift */ = {isa = PBXFileReference; lastKnownFileType = sourcecode.swift; path = loginView.swift; sourceTree = "<group>"; };
		82747C032B99A5490003B579 /* TrailDetail.swift */ = {isa = PBXFileReference; lastKnownFileType = sourcecode.swift; path = TrailDetail.swift; sourceTree = "<group>"; };
		82747C052B99A5A70003B579 /* contentview2.swift */ = {isa = PBXFileReference; lastKnownFileType = sourcecode.swift; path = contentview2.swift; sourceTree = "<group>"; };
		82747C072B99A5C90003B579 /* recordpage.swift */ = {isa = PBXFileReference; lastKnownFileType = sourcecode.swift; path = recordpage.swift; sourceTree = "<group>"; };
		82A28F792BA9B5EA0081C188 /* activityDetailView.swift */ = {isa = PBXFileReference; lastKnownFileType = sourcecode.swift; path = activityDetailView.swift; sourceTree = "<group>"; };
/* End PBXFileReference section */

/* Begin PBXFrameworksBuildPhase section */
		82747BD72B99A3700003B579 /* Frameworks */ = {
			isa = PBXFrameworksBuildPhase;
			buildActionMask = 2147483647;
			files = (
			);
			runOnlyForDeploymentPostprocessing = 0;
		};
/* End PBXFrameworksBuildPhase section */

/* Begin PBXGroup section */
		82747BD12B99A3700003B579 = {
			isa = PBXGroup;
			children = (
				82747BDC2B99A3700003B579 /* thunabathku */,
				82747BDB2B99A3700003B579 /* Products */,
			);
			sourceTree = "<group>";
		};
		82747BDB2B99A3700003B579 /* Products */ = {
			isa = PBXGroup;
			children = (
				82747BDA2B99A3700003B579 /* trupper.app */,
			);
			name = Products;
			sourceTree = "<group>";
		};
		82747BDC2B99A3700003B579 /* thunabathku */ = {
			isa = PBXGroup;
			children = (
				82747BDF2B99A3700003B579 /* ContentView.swift */,
				82747BE12B99A3720003B579 /* Assets.xcassets */,
				82747BE32B99A3720003B579 /* Preview Content */,
				82747BEB2B99A3DD0003B579 /* Trooper_newApp.swift */,
				82747BED2B99A3ED0003B579 /* TrailViewModel.swift */,
				82747BEF2B99A44B0003B579 /* trailView.swift */,
				82747BF12B99A45A0003B579 /* multView.swift */,
				82747BF32B99A4690003B579 /* wkndView.swift */,
				82747BF52B99A47B0003B579 /* searchbarView.swift */,
				82747BF72B99A4910003B579 /* FirstPage.swift */,
				82747BF92B99A4E40003B579 /* SignUpView.swift */,
				82747BFB2B99A4F70003B579 /* BottomBarView.swift */,
				82747BFD2B99A5100003B579 /* ProfilePage.swift */,
				82747BFF2B99A5200003B579 /* FeedPage.swift */,
				82A28F792BA9B5EA0081C188 /* activityDetailView.swift */,
				82747C012B99A5370003B579 /* loginView.swift */,
				82747C032B99A5490003B579 /* TrailDetail.swift */,
				82747C052B99A5A70003B579 /* contentview2.swift */,
				82747C072B99A5C90003B579 /* recordpage.swift */,
				82542E1B2BA80C6600AB2465 /* okokok.swift */,
				820030C22BC422880063769A /* commentsView.swift */,
			);
			path = thunabathku;
			sourceTree = "<group>";
		};
		82747BE32B99A3720003B579 /* Preview Content */ = {
			isa = PBXGroup;
			children = (
				82747BE42B99A3720003B579 /* Preview Assets.xcassets */,
			);
			path = "Preview Content";
			sourceTree = "<group>";
		};
/* End PBXGroup section */

/* Begin PBXNativeTarget section */
		82747BD92B99A3700003B579 /* trupper */ = {
			isa = PBXNativeTarget;
			buildConfigurationList = 82747BE82B99A3720003B579 /* Build configuration list for PBXNativeTarget "trupper" */;
			buildPhases = (
				82747BD62B99A3700003B579 /* Sources */,
				82747BD72B99A3700003B579 /* Frameworks */,
				82747BD82B99A3700003B579 /* Resources */,
			);
			buildRules = (
			);
			dependencies = (
			);
			name = trupper;
			productName = thunabathku;
			productReference = 82747BDA2B99A3700003B579 /* trupper.app */;
			productType = "com.apple.product-type.application";
		};
/* End PBXNativeTarget section */

/* Begin PBXProject section */
		82747BD22B99A3700003B579 /* Project object */ = {
			isa = PBXProject;
			attributes = {
				BuildIndependentTargetsInParallel = 1;
				LastSwiftUpdateCheck = 1530;
				LastUpgradeCheck = 1530;
				TargetAttributes = {
					82747BD92B99A3700003B579 = {
						CreatedOnToolsVersion = 15.3;
					};
				};
			};
			buildConfigurationList = 82747BD52B99A3700003B579 /* Build configuration list for PBXProject "trupper" */;
			compatibilityVersion = "Xcode 14.0";
			developmentRegion = en;
			hasScannedForEncodings = 0;
			knownRegions = (
				en,
				Base,
			);
			mainGroup = 82747BD12B99A3700003B579;
			productRefGroup = 82747BDB2B99A3700003B579 /* Products */;
			projectDirPath = "";
			projectRoot = "";
			targets = (
				82747BD92B99A3700003B579 /* trupper */,
			);
		};
/* End PBXProject section */

/* Begin PBXResourcesBuildPhase section */
		82747BD82B99A3700003B579 /* Resources */ = {
			isa = PBXResourcesBuildPhase;
			buildActionMask = 2147483647;
			files = (
				82747BE52B99A3720003B579 /* Preview Assets.xcassets in Resources */,
				82747BE22B99A3720003B579 /* Assets.xcassets in Resources */,
			);
			runOnlyForDeploymentPostprocessing = 0;
		};
/* End PBXResourcesBuildPhase section */

/* Begin PBXSourcesBuildPhase section */
		82747BD62B99A3700003B579 /* Sources */ = {
			isa = PBXSourcesBuildPhase;
			buildActionMask = 2147483647;
			files = (
				82747BEC2B99A3DD0003B579 /* Trooper_newApp.swift in Sources */,
				82747C002B99A5200003B579 /* FeedPage.swift in Sources */,
				82747C022B99A5370003B579 /* loginView.swift in Sources */,
				82747C062B99A5A70003B579 /* contentview2.swift in Sources */,
				82A28F7A2BA9B5EB0081C188 /* activityDetailView.swift in Sources */,
				82747BE02B99A3700003B579 /* ContentView.swift in Sources */,
				82747BF02B99A44B0003B579 /* trailView.swift in Sources */,
				82747BF42B99A4690003B579 /* wkndView.swift in Sources */,
				82747C082B99A5C90003B579 /* recordpage.swift in Sources */,
				82747BFC2B99A4F70003B579 /* BottomBarView.swift in Sources */,
				82542E1C2BA80C6600AB2465 /* okokok.swift in Sources */,
				82747BF62B99A47B0003B579 /* searchbarView.swift in Sources */,
				82747C042B99A5490003B579 /* TrailDetail.swift in Sources */,
				82747BFE2B99A5100003B579 /* ProfilePage.swift in Sources */,
				82747BF82B99A4910003B579 /* FirstPage.swift in Sources */,
				82747BFA2B99A4E40003B579 /* SignUpView.swift in Sources */,
				82747BF22B99A45A0003B579 /* multView.swift in Sources */,
				82747BEE2B99A3ED0003B579 /* TrailViewModel.swift in Sources */,
				820030C32BC422880063769A /* commentsView.swift in Sources */,
			);
			runOnlyForDeploymentPostprocessing = 0;
		};
/* End PBXSourcesBuildPhase section */

/* Begin XCBuildConfiguration section */
		82747BE62B99A3720003B579 /* Debug */ = {
			isa = XCBuildConfiguration;
			buildSettings = {
				ALWAYS_SEARCH_USER_PATHS = NO;
				ASSETCATALOG_COMPILER_GENERATE_SWIFT_ASSET_SYMBOL_EXTENSIONS = YES;
				CLANG_ANALYZER_NONNULL = YES;
				CLANG_ANALYZER_NUMBER_OBJECT_CONVERSION = YES_AGGRESSIVE;
				CLANG_CXX_LANGUAGE_STANDARD = "gnu++20";
				CLANG_ENABLE_MODULES = YES;
				CLANG_ENABLE_OBJC_ARC = YES;
				CLANG_ENABLE_OBJC_WEAK = YES;
				CLANG_WARN_BLOCK_CAPTURE_AUTORELEASING = YES;
				CLANG_WARN_BOOL_CONVERSION = YES;
				CLANG_WARN_COMMA = YES;
				CLANG_WARN_CONSTANT_CONVERSION = YES;
				CLANG_WARN_DEPRECATED_OBJC_IMPLEMENTATIONS = YES;
				CLANG_WARN_DIRECT_OBJC_ISA_USAGE = YES_ERROR;
				CLANG_WARN_DOCUMENTATION_COMMENTS = YES;
				CLANG_WARN_EMPTY_BODY = YES;
				CLANG_WARN_ENUM_CONVERSION = YES;
				CLANG_WARN_INFINITE_RECURSION = YES;
				CLANG_WARN_INT_CONVERSION = YES;
				CLANG_WARN_NON_LITERAL_NULL_CONVERSION = YES;
				CLANG_WARN_OBJC_IMPLICIT_RETAIN_SELF = YES;
				CLANG_WARN_OBJC_LITERAL_CONVERSION = YES;
				CLANG_WARN_OBJC_ROOT_CLASS = YES_ERROR;
				CLANG_WARN_QUOTED_INCLUDE_IN_FRAMEWORK_HEADER = YES;
				CLANG_WARN_RANGE_LOOP_ANALYSIS = YES;
				CLANG_WARN_STRICT_PROTOTYPES = YES;
				CLANG_WARN_SUSPICIOUS_MOVE = YES;
				CLANG_WARN_UNGUARDED_AVAILABILITY = YES_AGGRESSIVE;
				CLANG_WARN_UNREACHABLE_CODE = YES;
				CLANG_WARN__DUPLICATE_METHOD_MATCH = YES;
				COPY_PHASE_STRIP = NO;
				DEBUG_INFORMATION_FORMAT = dwarf;
				ENABLE_STRICT_OBJC_MSGSEND = YES;
				ENABLE_TESTABILITY = YES;
				ENABLE_USER_SCRIPT_SANDBOXING = YES;
				GCC_C_LANGUAGE_STANDARD = gnu17;
				GCC_DYNAMIC_NO_PIC = NO;
				GCC_NO_COMMON_BLOCKS = YES;
				GCC_OPTIMIZATION_LEVEL = 0;
				GCC_PREPROCESSOR_DEFINITIONS = (
					"DEBUG=1",
					"$(inherited)",
				);
				GCC_WARN_64_TO_32_BIT_CONVERSION = YES;
				GCC_WARN_ABOUT_RETURN_TYPE = YES_ERROR;
				GCC_WARN_UNDECLARED_SELECTOR = YES;
				GCC_WARN_UNINITIALIZED_AUTOS = YES_AGGRESSIVE;
				GCC_WARN_UNUSED_FUNCTION = YES;
				GCC_WARN_UNUSED_VARIABLE = YES;
				IPHONEOS_DEPLOYMENT_TARGET = 17.4;
				LOCALIZATION_PREFERS_STRING_CATALOGS = YES;
				MTL_ENABLE_DEBUG_INFO = INCLUDE_SOURCE;
				MTL_FAST_MATH = YES;
				ONLY_ACTIVE_ARCH = YES;
				SDKROOT = iphoneos;
				SWIFT_ACTIVE_COMPILATION_CONDITIONS = "DEBUG $(inherited)";
				SWIFT_OPTIMIZATION_LEVEL = "-Onone";
			};
			name = Debug;
		};
		82747BE72B99A3720003B579 /* Release */ = {
			isa = XCBuildConfiguration;
			buildSettings = {
				ALWAYS_SEARCH_USER_PATHS = NO;
				ASSETCATALOG_COMPILER_GENERATE_SWIFT_ASSET_SYMBOL_EXTENSIONS = YES;
				CLANG_ANALYZER_NONNULL = YES;
				CLANG_ANALYZER_NUMBER_OBJECT_CONVERSION = YES_AGGRESSIVE;
				CLANG_CXX_LANGUAGE_STANDARD = "gnu++20";
				CLANG_ENABLE_MODULES = YES;
				CLANG_ENABLE_OBJC_ARC = YES;
				CLANG_ENABLE_OBJC_WEAK = YES;
				CLANG_WARN_BLOCK_CAPTURE_AUTORELEASING = YES;
				CLANG_WARN_BOOL_CONVERSION = YES;
				CLANG_WARN_COMMA = YES;
				CLANG_WARN_CONSTANT_CONVERSION = YES;
				CLANG_WARN_DEPRECATED_OBJC_IMPLEMENTATIONS = YES;
				CLANG_WARN_DIRECT_OBJC_ISA_USAGE = YES_ERROR;
				CLANG_WARN_DOCUMENTATION_COMMENTS = YES;
				CLANG_WARN_EMPTY_BODY = YES;
				CLANG_WARN_ENUM_CONVERSION = YES;
				CLANG_WARN_INFINITE_RECURSION = YES;
				CLANG_WARN_INT_CONVERSION = YES;
				CLANG_WARN_NON_LITERAL_NULL_CONVERSION = YES;
				CLANG_WARN_OBJC_IMPLICIT_RETAIN_SELF = YES;
				CLANG_WARN_OBJC_LITERAL_CONVERSION = YES;
				CLANG_WARN_OBJC_ROOT_CLASS = YES_ERROR;
				CLANG_WARN_QUOTED_INCLUDE_IN_FRAMEWORK_HEADER = YES;
				CLANG_WARN_RANGE_LOOP_ANALYSIS = YES;
				CLANG_WARN_STRICT_PROTOTYPES = YES;
				CLANG_WARN_SUSPICIOUS_MOVE = YES;
				CLANG_WARN_UNGUARDED_AVAILABILITY = YES_AGGRESSIVE;
				CLANG_WARN_UNREACHABLE_CODE = YES;
				CLANG_WARN__DUPLICATE_METHOD_MATCH = YES;
				COPY_PHASE_STRIP = NO;
				DEBUG_INFORMATION_FORMAT = "dwarf-with-dsym";
				ENABLE_NS_ASSERTIONS = NO;
				ENABLE_STRICT_OBJC_MSGSEND = YES;
				ENABLE_USER_SCRIPT_SANDBOXING = YES;
				GCC_C_LANGUAGE_STANDARD = gnu17;
				GCC_NO_COMMON_BLOCKS = YES;
				GCC_WARN_64_TO_32_BIT_CONVERSION = YES;
				GCC_WARN_ABOUT_RETURN_TYPE = YES_ERROR;
				GCC_WARN_UNDECLARED_SELECTOR = YES;
				GCC_WARN_UNINITIALIZED_AUTOS = YES_AGGRESSIVE;
				GCC_WARN_UNUSED_FUNCTION = YES;
				GCC_WARN_UNUSED_VARIABLE = YES;
				IPHONEOS_DEPLOYMENT_TARGET = 17.4;
				LOCALIZATION_PREFERS_STRING_CATALOGS = YES;
				MTL_ENABLE_DEBUG_INFO = NO;
				MTL_FAST_MATH = YES;
				SDKROOT = iphoneos;
				SWIFT_COMPILATION_MODE = wholemodule;
				VALIDATE_PRODUCT = YES;
			};
			name = Release;
		};
		82747BE92B99A3720003B579 /* Debug */ = {
			isa = XCBuildConfiguration;
			buildSettings = {
				ASSETCATALOG_COMPILER_APPICON_NAME = AppIcon;
				ASSETCATALOG_COMPILER_GLOBAL_ACCENT_COLOR_NAME = AccentColor;
				CODE_SIGN_STYLE = Automatic;
				CURRENT_PROJECT_VERSION = 1;
				DEVELOPMENT_ASSET_PATHS = "\"thunabathku/Preview Content\"";
				DEVELOPMENT_TEAM = 58UT8UQZSU;
				ENABLE_PREVIEWS = YES;
				GENERATE_INFOPLIST_FILE = YES;
				INFOPLIST_KEY_UIApplicationSceneManifest_Generation = YES;
				INFOPLIST_KEY_UIApplicationSupportsIndirectInputEvents = YES;
				INFOPLIST_KEY_UILaunchScreen_Generation = YES;
				INFOPLIST_KEY_UISupportedInterfaceOrientations_iPad = "UIInterfaceOrientationPortrait UIInterfaceOrientationPortraitUpsideDown UIInterfaceOrientationLandscapeLeft UIInterfaceOrientationLandscapeRight";
				INFOPLIST_KEY_UISupportedInterfaceOrientations_iPhone = "UIInterfaceOrientationPortrait UIInterfaceOrientationLandscapeLeft UIInterfaceOrientationLandscapeRight";
				IPHONEOS_DEPLOYMENT_TARGET = 17.2;
				LD_RUNPATH_SEARCH_PATHS = (
					"$(inherited)",
					"@executable_path/Frameworks",
				);
				MARKETING_VERSION = 1.0;
				PRODUCT_BUNDLE_IDENTIFIER = com.vas.thunabathku;
				PRODUCT_NAME = "$(TARGET_NAME)";
				SWIFT_EMIT_LOC_STRINGS = YES;
				SWIFT_VERSION = 5.0;
				TARGETED_DEVICE_FAMILY = "1,2";
			};
			name = Debug;
		};
		82747BEA2B99A3720003B579 /* Release */ = {
			isa = XCBuildConfiguration;
			buildSettings = {
				ASSETCATALOG_COMPILER_APPICON_NAME = AppIcon;
				ASSETCATALOG_COMPILER_GLOBAL_ACCENT_COLOR_NAME = AccentColor;
				CODE_SIGN_STYLE = Automatic;
				CURRENT_PROJECT_VERSION = 1;
				DEVELOPMENT_ASSET_PATHS = "\"thunabathku/Preview Content\"";
				DEVELOPMENT_TEAM = 58UT8UQZSU;
				ENABLE_PREVIEWS = YES;
				GENERATE_INFOPLIST_FILE = YES;
				INFOPLIST_KEY_UIApplicationSceneManifest_Generation = YES;
				INFOPLIST_KEY_UIApplicationSupportsIndirectInputEvents = YES;
				INFOPLIST_KEY_UILaunchScreen_Generation = YES;
				INFOPLIST_KEY_UISupportedInterfaceOrientations_iPad = "UIInterfaceOrientationPortrait UIInterfaceOrientationPortraitUpsideDown UIInterfaceOrientationLandscapeLeft UIInterfaceOrientationLandscapeRight";
				INFOPLIST_KEY_UISupportedInterfaceOrientations_iPhone = "UIInterfaceOrientationPortrait UIInterfaceOrientationLandscapeLeft UIInterfaceOrientationLandscapeRight";
				IPHONEOS_DEPLOYMENT_TARGET = 17.2;
				LD_RUNPATH_SEARCH_PATHS = (
					"$(inherited)",
					"@executable_path/Frameworks",
				);
				MARKETING_VERSION = 1.0;
				PRODUCT_BUNDLE_IDENTIFIER = com.vas.thunabathku;
				PRODUCT_NAME = "$(TARGET_NAME)";
				SWIFT_EMIT_LOC_STRINGS = YES;
				SWIFT_VERSION = 5.0;
				TARGETED_DEVICE_FAMILY = "1,2";
			};
			name = Release;
		};
/* End XCBuildConfiguration section */

/* Begin XCConfigurationList section */
		82747BD52B99A3700003B579 /* Build configuration list for PBXProject "trupper" */ = {
			isa = XCConfigurationList;
			buildConfigurations = (
				82747BE62B99A3720003B579 /* Debug */,
				82747BE72B99A3720003B579 /* Release */,
			);
			defaultConfigurationIsVisible = 0;
			defaultConfigurationName = Release;
		};
		82747BE82B99A3720003B579 /* Build configuration list for PBXNativeTarget "trupper" */ = {
			isa = XCConfigurationList;
			buildConfigurations = (
				82747BE92B99A3720003B579 /* Debug */,
				82747BEA2B99A3720003B579 /* Release */,
			);
			defaultConfigurationIsVisible = 0;
			defaultConfigurationName = Release;
		};
/* End XCConfigurationList section */
	};
	rootObject = 82747BD22B99A3700003B579 /* Project object */;
}
